
Microsoft Visual Studio Solution File, Format Version 12.00
# Visual Studio Version 17
VisualStudioVersion = 17.8.34511.84
MinimumVisualStudioVersion = 10.0.40219.1
Project("{FAE04EC0-301F-11D3-BF4B-00C04F79EFBC}") = "Team1", "Team1\Team1.csproj", "{441E7183-10ED-49FF-9EFF-7A36CAAA5896}"
EndProject
Project("{2150E333-8FDC-42A3-9474-1A3956D46DE8}") = "00方案項目", "00方案項目", "{BC21FB2C-D43F-46C4-A3E1-A37105082A29}"
	ProjectSection(SolutionItems) = preProject
		YEN-ReadMe.txt = YEN-ReadMe.txt
	EndProjectSection
EndProject
Global
	GlobalSection(SolutionConfigurationPlatforms) = preSolution
		Debug|Any CPU = Debug|Any CPU
		Release|Any CPU = Release|Any CPU
	EndGlobalSection
	GlobalSection(ProjectConfigurationPlatforms) = postSolution
		{441E7183-10ED-49FF-9EFF-7A36CAAA5896}.Debug|Any CPU.ActiveCfg = Debug|Any CPU
		{441E7183-10ED-49FF-9EFF-7A36CAAA5896}.Debug|Any CPU.Build.0 = Debug|Any CPU
		{441E7183-10ED-49FF-9EFF-7A36CAAA5896}.Release|Any CPU.ActiveCfg = Release|Any CPU
		{441E7183-10ED-49FF-9EFF-7A36CAAA5896}.Release|Any CPU.Build.0 = Release|Any CPU
	EndGlobalSection
	GlobalSection(SolutionProperties) = preSolution
		HideSolutionNode = FALSE
	EndGlobalSection
	GlobalSection(ExtensibilityGlobals) = postSolution
		SolutionGuid = {37D6E740-018D-4C97-8D43-8F3CB653FD51}
	EndGlobalSection
EndGlobal
